
Microsoft Visual Studio Solution File, Format Version 12.00
# Visual Studio Version 17
VisualStudioVersion = 17.6.33829.357
MinimumVisualStudioVersion = 10.0.40219.1
Project("{FAE04EC0-301F-11D3-BF4B-00C04F79EFBC}") = "Inventory1", "Inventory1\Inventory1.csproj", "{57364E81-BB4B-4671-995C-A1FF0AC0792A}"
EndProject
Global
	GlobalSection(SolutionConfigurationPlatforms) = preSolution
		Debug|Any CPU = Debug|Any CPU
		Release|Any CPU = Release|Any CPU
	EndGlobalSection
	GlobalSection(ProjectConfigurationPlatforms) = postSolution
		{57364E81-BB4B-4671-995C-A1FF0AC0792A}.Debug|Any CPU.ActiveCfg = Debug|Any CPU
		{57364E81-BB4B-4671-995C-A1FF0AC0792A}.Debug|Any CPU.Build.0 = Debug|Any CPU
		{57364E81-BB4B-4671-995C-A1FF0AC0792A}.Release|Any CPU.ActiveCfg = Release|Any CPU
		{57364E81-BB4B-4671-995C-A1FF0AC0792A}.Release|Any CPU.Build.0 = Release|Any CPU
	EndGlobalSection
	GlobalSection(SolutionProperties) = preSolution
		HideSolutionNode = FALSE
	EndGlobalSection
	GlobalSection(ExtensibilityGlobals) = postSolution
		SolutionGuid = {ABEECEFC-8EE5-48AC-A083-AD037F4A47C1}
	EndGlobalSection
EndGlobal
